
Microsoft Visual Studio Solution File, Format Version 12.00
# Visual Studio Version 17
VisualStudioVersion = 17.1.32407.343
MinimumVisualStudioVersion = 10.0.40219.1
Project("{FAE04EC0-301F-11D3-BF4B-00C04F79EFBC}") = "TcpChat_Server", "TcpChat_Server\TcpChat_Server.csproj", "{F88D7908-EF87-4F2E-87D6-5ADA7CD507FD}"
EndProject
Project("{FAE04EC0-301F-11D3-BF4B-00C04F79EFBC}") = "TcpChat_Client", "TcpChat_Client\TcpChat_Client.csproj", "{4D656838-7C9B-4526-837E-81B257862920}"
EndProject
Global
	GlobalSection(SolutionConfigurationPlatforms) = preSolution
		Debug|Any CPU = Debug|Any CPU
		Release|Any CPU = Release|Any CPU
	EndGlobalSection
	GlobalSection(ProjectConfigurationPlatforms) = postSolution
		{F88D7908-EF87-4F2E-87D6-5ADA7CD507FD}.Debug|Any CPU.ActiveCfg = Debug|Any CPU
		{F88D7908-EF87-4F2E-87D6-5ADA7CD507FD}.Debug|Any CPU.Build.0 = Debug|Any CPU
		{F88D7908-EF87-4F2E-87D6-5ADA7CD507FD}.Release|Any CPU.ActiveCfg = Release|Any CPU
		{F88D7908-EF87-4F2E-87D6-5ADA7CD507FD}.Release|Any CPU.Build.0 = Release|Any CPU
		{4D656838-7C9B-4526-837E-81B257862920}.Debug|Any CPU.ActiveCfg = Debug|Any CPU
		{4D656838-7C9B-4526-837E-81B257862920}.Debug|Any CPU.Build.0 = Debug|Any CPU
		{4D656838-7C9B-4526-837E-81B257862920}.Release|Any CPU.ActiveCfg = Release|Any CPU
		{4D656838-7C9B-4526-837E-81B257862920}.Release|Any CPU.Build.0 = Release|Any CPU
	EndGlobalSection
	GlobalSection(SolutionProperties) = preSolution
		HideSolutionNode = FALSE
	EndGlobalSection
	GlobalSection(ExtensibilityGlobals) = postSolution
		SolutionGuid = {60E27143-D7B2-4BB2-96A9-7498D8AE45FA}
	EndGlobalSection
EndGlobal
